
Microsoft Visual Studio Solution File, Format Version 12.00
# Visual Studio 14
VisualStudioVersion = 14.0.25420.1
MinimumVisualStudioVersion = 10.0.40219.1
Project("{FAE04EC0-301F-11D3-BF4B-00C04F79EFBC}") = "LimitlessUI", "LimitlessUI\LimitlessUI.csproj", "{EE394A8D-F664-4D66-8E28-35F075FDC79D}"
EndProject
Project("{FAE04EC0-301F-11D3-BF4B-00C04F79EFBC}") = "LimitlessUISample", "LimitlessUISample\LimitlessUISample.csproj", "{8E36C57A-A1E0-45BA-AA8B-4FE41C76D2E6}"
EndProject
Global
	GlobalSection(SolutionConfigurationPlatforms) = preSolution
		Debug|Any CPU = Debug|Any CPU
		Release|Any CPU = Release|Any CPU
	EndGlobalSection
	GlobalSection(ProjectConfigurationPlatforms) = postSolution
		{EE394A8D-F664-4D66-8E28-35F075FDC79D}.Debug|Any CPU.ActiveCfg = Debug|Any CPU
		{EE394A8D-F664-4D66-8E28-35F075FDC79D}.Debug|Any CPU.Build.0 = Debug|Any CPU
		{EE394A8D-F664-4D66-8E28-35F075FDC79D}.Release|Any CPU.ActiveCfg = Release|Any CPU
		{EE394A8D-F664-4D66-8E28-35F075FDC79D}.Release|Any CPU.Build.0 = Release|Any CPU
		{8E36C57A-A1E0-45BA-AA8B-4FE41C76D2E6}.Debug|Any CPU.ActiveCfg = Debug|Any CPU
		{8E36C57A-A1E0-45BA-AA8B-4FE41C76D2E6}.Debug|Any CPU.Build.0 = Debug|Any CPU
		{8E36C57A-A1E0-45BA-AA8B-4FE41C76D2E6}.Release|Any CPU.ActiveCfg = Release|Any CPU
		{8E36C57A-A1E0-45BA-AA8B-4FE41C76D2E6}.Release|Any CPU.Build.0 = Release|Any CPU
	EndGlobalSection
	GlobalSection(SolutionProperties) = preSolution
		HideSolutionNode = FALSE
	EndGlobalSection
EndGlobal
